
Microsoft Visual Studio Solution File, Format Version 12.00
# Visual Studio Version 16
VisualStudioVersion = 16.0.30320.27
MinimumVisualStudioVersion = 10.0.40219.1
Project("{FAE04EC0-301F-11D3-BF4B-00C04F79EFBC}") = "API-Estate-management", "API-Estate-management\API-Estate-management.csproj", "{68F53288-4E10-4D3F-A045-BEDF36AF17C5}"
EndProject
Global
	GlobalSection(SolutionConfigurationPlatforms) = preSolution
		Debug|Any CPU = Debug|Any CPU
		Release|Any CPU = Release|Any CPU
	EndGlobalSection
	GlobalSection(ProjectConfigurationPlatforms) = postSolution
		{68F53288-4E10-4D3F-A045-BEDF36AF17C5}.Debug|Any CPU.ActiveCfg = Debug|Any CPU
		{68F53288-4E10-4D3F-A045-BEDF36AF17C5}.Debug|Any CPU.Build.0 = Debug|Any CPU
		{68F53288-4E10-4D3F-A045-BEDF36AF17C5}.Release|Any CPU.ActiveCfg = Release|Any CPU
		{68F53288-4E10-4D3F-A045-BEDF36AF17C5}.Release|Any CPU.Build.0 = Release|Any CPU
	EndGlobalSection
	GlobalSection(SolutionProperties) = preSolution
		HideSolutionNode = FALSE
	EndGlobalSection
	GlobalSection(ExtensibilityGlobals) = postSolution
		SolutionGuid = {3F4DBCBE-333B-46C0-B45B-366F9CBEADBB}
	EndGlobalSection
EndGlobal
